{
  "name": "@vraja-sage/hello",
  "version": "1.0.0",
  "lockfileVersion": 2,
  "requires": true,
  "packages": {
    "": {
      "name": "@vraja-sage/hello",
      "version": "1.0.0",
      "license": "ISC",
      "dependencies": {
        "@vraja-sage/hello": "^1.0.0"
      }
    },
    "node_modules/@vraja-sage/hello": {
      "version": "1.0.0",
      "resolved": "https://npm.pkg.github.com/download/@vraja-sage/hello/1.0.0/db8bba053adb890a630e515bff56fc907922105a59a1235ef03f15b2884a2082",
      "integrity": "sha512-nabwTSws3FZUR1asRihF1A2VTX203Oa5rqGFgZBxEQpA4RN/C8ANSiTaxaCTUpGwNtuC+uLlaEgVxD/O/duTwA==",
      "license": "ISC"
    }
  },
  "dependencies": {
    "@vraja-sage/hello": {
      "version": "1.0.0",
      "resolved": "https://npm.pkg.github.com/download/@vraja-sage/hello/1.0.0/db8bba053adb890a630e515bff56fc907922105a59a1235ef03f15b2884a2082",
      "integrity": "sha512-nabwTSws3FZUR1asRihF1A2VTX203Oa5rqGFgZBxEQpA4RN/C8ANSiTaxaCTUpGwNtuC+uLlaEgVxD/O/duTwA=="
    }
  }
}
